PODS:
  - SwiftHamcrest (2.1.0)

DEPENDENCIES:
  - SwiftHamcrest (~> 2.1.0)

SPEC REPOS:
  https://github.com/cocoapods/specs.git:
    - SwiftHamcrest

SPEC CHECKSUMS:
  SwiftHamcrest: 3a3bd69a9e65dbaffb573eae6760f58caa48d00e

PODFILE CHECKSUM: c0a90d2dadd728a3aa8ef5af1890c13ff157a491

COCOAPODS: 1.5.3
